
Microsoft Visual Studio Solution File, Format Version 12.00
# Visual Studio Version 17
VisualStudioVersion = 17.0.31710.8
MinimumVisualStudioVersion = 10.0.40219.1
Project("{2150E333-8FDC-42A3-9474-1A3956D46DE8}") = "src", "src", "{333161F1-7807-4E39-832A-49E329C063B5}"
EndProject
Project("{2150E333-8FDC-42A3-9474-1A3956D46DE8}") = "Domain", "Domain", "{CA7A3CE7-851C-479F-B8C3-B3442426E843}"
EndProject
Project("{FAE04EC0-301F-11D3-BF4B-00C04F79EFBC}") = "ALOS.Domain", "src\Domain\ALOS.Domain\ALOS.Domain.csproj", "{29058530-F0D3-46FA-9F29-85C953A63C55}"
EndProject
Project("{2150E333-8FDC-42A3-9474-1A3956D46DE8}") = "Infrastructure", "Infrastructure", "{497AE27C-4C51-4D65-84A5-BCAE07BECFBE}"
EndProject
Project("{FAE04EC0-301F-11D3-BF4B-00C04F79EFBC}") = "ALOS.Infrastructure.Data", "src\Infrastructure\ALOS.Infrastructure.Data\ALOS.Infrastructure.Data.csproj", "{ADADDA9D-110D-4F84-97FE-6D48A7AAC6FF}"
EndProject
Project("{FAE04EC0-301F-11D3-BF4B-00C04F79EFBC}") = "ALOS.Infrastructure.CrossCutting.Bus", "src\Infrastructure\ALOS.Infrastructure.CrossCutting.Bus\ALOS.Infrastructure.CrossCutting.Bus.csproj", "{33CFB137-2CAB-40EE-A04D-21E228E5F0F5}"
EndProject
Project("{FAE04EC0-301F-11D3-BF4B-00C04F79EFBC}") = "ALOS.Infrastructure.CrossCutting.IoC", "src\Infrastructure\ALOS.Infrastructure.CrossCutting.IoC\ALOS.Infrastructure.CrossCutting.IoC.csproj", "{2FA61B10-995A-4DDC-A4A6-2E8D871359FB}"
EndProject
Project("{2150E333-8FDC-42A3-9474-1A3956D46DE8}") = "API", "API", "{53CA511D-1414-4033-BAE2-F40B289FA774}"
EndProject
Project("{2150E333-8FDC-42A3-9474-1A3956D46DE8}") = "Core", "Core", "{4CF746CF-9F2B-47AE-9997-DF6F64B93BF6}"
EndProject
Project("{FAE04EC0-301F-11D3-BF4B-00C04F79EFBC}") = "ALOS.Services.API.Core", "src\API\Core\ALOS.Services.API.Core\ALOS.Services.API.Core.csproj", "{98B53419-486C-4C9E-80D1-87EFC06B8B6C}"
EndProject
Project("{2150E333-8FDC-42A3-9474-1A3956D46DE8}") = "ServiceDesk", "ServiceDesk", "{2F0C9A84-B687-401C-AE7D-FAFDBC0CA444}"
EndProject
Project("{FAE04EC0-301F-11D3-BF4B-00C04F79EFBC}") = "ALOS.Services.API.ServiceDesk", "src\API\ServiceDesk\ALOS.Services.API.ServiceDesk\ALOS.Services.API.ServiceDesk.csproj", "{821FA468-661D-4E6E-A7EF-D25D73235978}"
EndProject
Project("{2150E333-8FDC-42A3-9474-1A3956D46DE8}") = "Application", "Application", "{5B11717A-0526-432C-BD91-0963EF1C9A4F}"
EndProject
Project("{FAE04EC0-301F-11D3-BF4B-00C04F79EFBC}") = "ALOS.Application", "src\Application\ALOS.Application\ALOS.Application.csproj", "{2ABCC174-4DBD-4711-A53D-AF0E349BCDB3}"
EndProject
Project("{2150E333-8FDC-42A3-9474-1A3956D46DE8}") = "test", "test", "{B970D435-5BC2-41B7-A91C-4FA2661F1B5A}"
EndProject
Project("{2150E333-8FDC-42A3-9474-1A3956D46DE8}") = "Domain", "Domain", "{FDFF4DF9-BCC6-4363-8FC4-C4F0E64089CA}"
EndProject
Project("{FAE04EC0-301F-11D3-BF4B-00C04F79EFBC}") = "ALOS.Domain.Tests", "test\Domain\ALOS.Domain.Tests\ALOS.Domain.Tests.csproj", "{D463CB6D-BCD1-4879-9C2E-B18EB563AF88}"
EndProject
Project("{2150E333-8FDC-42A3-9474-1A3956D46DE8}") = "Application", "Application", "{6976886D-601E-44DD-906D-3A18D5A02F6B}"
EndProject
Project("{FAE04EC0-301F-11D3-BF4B-00C04F79EFBC}") = "ALOS.Application.Tests", "test\Application\ALOS.Application.Tests\ALOS.Application.Tests.csproj", "{B97ACCCE-BCD2-4722-A3F1-A8A606C49CD1}"
EndProject
Project("{2150E333-8FDC-42A3-9474-1A3956D46DE8}") = "Infrastructure", "Infrastructure", "{E3F5B60D-6196-43D2-8FC3-DDA53B86E4B5}"
EndProject
Project("{FAE04EC0-301F-11D3-BF4B-00C04F79EFBC}") = "ALOS.Infrastructure.Tests", "test\Infrastructure\ALOS.Infrastructure.Tests\ALOS.Infrastructure.Tests.csproj", "{9F45FBE3-B383-4F83-8D1B-48BDE89D1181}"
EndProject
Project("{FAE04EC0-301F-11D3-BF4B-00C04F79EFBC}") = "ALOS.DomainCore", "src\Domain\ALOS.DomainCore\ALOS.DomainCore.csproj", "{E0C275D6-5251-4AF1-A575-478739DB7077}"
EndProject
Global
	GlobalSection(SolutionConfigurationPlatforms) = preSolution
		Debug|Any CPU = Debug|Any CPU
		Release|Any CPU = Release|Any CPU
	EndGlobalSection
	GlobalSection(ProjectConfigurationPlatforms) = postSolution
		{29058530-F0D3-46FA-9F29-85C953A63C55}.Debug|Any CPU.ActiveCfg = Debug|Any CPU
		{29058530-F0D3-46FA-9F29-85C953A63C55}.Debug|Any CPU.Build.0 = Debug|Any CPU
		{29058530-F0D3-46FA-9F29-85C953A63C55}.Release|Any CPU.ActiveCfg = Release|Any CPU
		{29058530-F0D3-46FA-9F29-85C953A63C55}.Release|Any CPU.Build.0 = Release|Any CPU
		{ADADDA9D-110D-4F84-97FE-6D48A7AAC6FF}.Debug|Any CPU.ActiveCfg = Debug|Any CPU
		{ADADDA9D-110D-4F84-97FE-6D48A7AAC6FF}.Debug|Any CPU.Build.0 = Debug|Any CPU
		{ADADDA9D-110D-4F84-97FE-6D48A7AAC6FF}.Release|Any CPU.ActiveCfg = Release|Any CPU
		{ADADDA9D-110D-4F84-97FE-6D48A7AAC6FF}.Release|Any CPU.Build.0 = Release|Any CPU
		{33CFB137-2CAB-40EE-A04D-21E228E5F0F5}.Debug|Any CPU.ActiveCfg = Debug|Any CPU
		{33CFB137-2CAB-40EE-A04D-21E228E5F0F5}.Debug|Any CPU.Build.0 = Debug|Any CPU
		{33CFB137-2CAB-40EE-A04D-21E228E5F0F5}.Release|Any CPU.ActiveCfg = Release|Any CPU
		{33CFB137-2CAB-40EE-A04D-21E228E5F0F5}.Release|Any CPU.Build.0 = Release|Any CPU
		{2FA61B10-995A-4DDC-A4A6-2E8D871359FB}.Debug|Any CPU.ActiveCfg = Debug|Any CPU
		{2FA61B10-995A-4DDC-A4A6-2E8D871359FB}.Debug|Any CPU.Build.0 = Debug|Any CPU
		{2FA61B10-995A-4DDC-A4A6-2E8D871359FB}.Release|Any CPU.ActiveCfg = Release|Any CPU
		{2FA61B10-995A-4DDC-A4A6-2E8D871359FB}.Release|Any CPU.Build.0 = Release|Any CPU
		{98B53419-486C-4C9E-80D1-87EFC06B8B6C}.Debug|Any CPU.ActiveCfg = Debug|Any CPU
		{98B53419-486C-4C9E-80D1-87EFC06B8B6C}.Debug|Any CPU.Build.0 = Debug|Any CPU
		{98B53419-486C-4C9E-80D1-87EFC06B8B6C}.Release|Any CPU.ActiveCfg = Release|Any CPU
		{98B53419-486C-4C9E-80D1-87EFC06B8B6C}.Release|Any CPU.Build.0 = Release|Any CPU
		{821FA468-661D-4E6E-A7EF-D25D73235978}.Debug|Any CPU.ActiveCfg = Debug|Any CPU
		{821FA468-661D-4E6E-A7EF-D25D73235978}.Debug|Any CPU.Build.0 = Debug|Any CPU
		{821FA468-661D-4E6E-A7EF-D25D73235978}.Release|Any CPU.ActiveCfg = Release|Any CPU
		{821FA468-661D-4E6E-A7EF-D25D73235978}.Release|Any CPU.Build.0 = Release|Any CPU
		{2ABCC174-4DBD-4711-A53D-AF0E349BCDB3}.Debug|Any CPU.ActiveCfg = Debug|Any CPU
		{2ABCC174-4DBD-4711-A53D-AF0E349BCDB3}.Debug|Any CPU.Build.0 = Debug|Any CPU
		{2ABCC174-4DBD-4711-A53D-AF0E349BCDB3}.Release|Any CPU.ActiveCfg = Release|Any CPU
		{2ABCC174-4DBD-4711-A53D-AF0E349BCDB3}.Release|Any CPU.Build.0 = Release|Any CPU
		{D463CB6D-BCD1-4879-9C2E-B18EB563AF88}.Debug|Any CPU.ActiveCfg = Debug|Any CPU
		{D463CB6D-BCD1-4879-9C2E-B18EB563AF88}.Debug|Any CPU.Build.0 = Debug|Any CPU
		{D463CB6D-BCD1-4879-9C2E-B18EB563AF88}.Release|Any CPU.ActiveCfg = Release|Any CPU
		{D463CB6D-BCD1-4879-9C2E-B18EB563AF88}.Release|Any CPU.Build.0 = Release|Any CPU
		{B97ACCCE-BCD2-4722-A3F1-A8A606C49CD1}.Debug|Any CPU.ActiveCfg = Debug|Any CPU
		{B97ACCCE-BCD2-4722-A3F1-A8A606C49CD1}.Debug|Any CPU.Build.0 = Debug|Any CPU
		{B97ACCCE-BCD2-4722-A3F1-A8A606C49CD1}.Release|Any CPU.ActiveCfg = Release|Any CPU
		{B97ACCCE-BCD2-4722-A3F1-A8A606C49CD1}.Release|Any CPU.Build.0 = Release|Any CPU
		{9F45FBE3-B383-4F83-8D1B-48BDE89D1181}.Debug|Any CPU.ActiveCfg = Debug|Any CPU
		{9F45FBE3-B383-4F83-8D1B-48BDE89D1181}.Debug|Any CPU.Build.0 = Debug|Any CPU
		{9F45FBE3-B383-4F83-8D1B-48BDE89D1181}.Release|Any CPU.ActiveCfg = Release|Any CPU
		{9F45FBE3-B383-4F83-8D1B-48BDE89D1181}.Release|Any CPU.Build.0 = Release|Any CPU
		{E0C275D6-5251-4AF1-A575-478739DB7077}.Debug|Any CPU.ActiveCfg = Debug|Any CPU
		{E0C275D6-5251-4AF1-A575-478739DB7077}.Debug|Any CPU.Build.0 = Debug|Any CPU
		{E0C275D6-5251-4AF1-A575-478739DB7077}.Release|Any CPU.ActiveCfg = Release|Any CPU
		{E0C275D6-5251-4AF1-A575-478739DB7077}.Release|Any CPU.Build.0 = Release|Any CPU
	EndGlobalSection
	GlobalSection(SolutionProperties) = preSolution
		HideSolutionNode = FALSE
	EndGlobalSection
	GlobalSection(NestedProjects) = preSolution
		{CA7A3CE7-851C-479F-B8C3-B3442426E843} = {333161F1-7807-4E39-832A-49E329C063B5}
		{29058530-F0D3-46FA-9F29-85C953A63C55} = {CA7A3CE7-851C-479F-B8C3-B3442426E843}
		{497AE27C-4C51-4D65-84A5-BCAE07BECFBE} = {333161F1-7807-4E39-832A-49E329C063B5}
		{ADADDA9D-110D-4F84-97FE-6D48A7AAC6FF} = {497AE27C-4C51-4D65-84A5-BCAE07BECFBE}
		{33CFB137-2CAB-40EE-A04D-21E228E5F0F5} = {497AE27C-4C51-4D65-84A5-BCAE07BECFBE}
		{2FA61B10-995A-4DDC-A4A6-2E8D871359FB} = {497AE27C-4C51-4D65-84A5-BCAE07BECFBE}
		{53CA511D-1414-4033-BAE2-F40B289FA774} = {333161F1-7807-4E39-832A-49E329C063B5}
		{4CF746CF-9F2B-47AE-9997-DF6F64B93BF6} = {53CA511D-1414-4033-BAE2-F40B289FA774}
		{98B53419-486C-4C9E-80D1-87EFC06B8B6C} = {4CF746CF-9F2B-47AE-9997-DF6F64B93BF6}
		{2F0C9A84-B687-401C-AE7D-FAFDBC0CA444} = {53CA511D-1414-4033-BAE2-F40B289FA774}
		{821FA468-661D-4E6E-A7EF-D25D73235978} = {2F0C9A84-B687-401C-AE7D-FAFDBC0CA444}
		{5B11717A-0526-432C-BD91-0963EF1C9A4F} = {333161F1-7807-4E39-832A-49E329C063B5}
		{2ABCC174-4DBD-4711-A53D-AF0E349BCDB3} = {5B11717A-0526-432C-BD91-0963EF1C9A4F}
		{FDFF4DF9-BCC6-4363-8FC4-C4F0E64089CA} = {B970D435-5BC2-41B7-A91C-4FA2661F1B5A}
		{D463CB6D-BCD1-4879-9C2E-B18EB563AF88} = {FDFF4DF9-BCC6-4363-8FC4-C4F0E64089CA}
		{6976886D-601E-44DD-906D-3A18D5A02F6B} = {B970D435-5BC2-41B7-A91C-4FA2661F1B5A}
		{B97ACCCE-BCD2-4722-A3F1-A8A606C49CD1} = {6976886D-601E-44DD-906D-3A18D5A02F6B}
		{E3F5B60D-6196-43D2-8FC3-DDA53B86E4B5} = {B970D435-5BC2-41B7-A91C-4FA2661F1B5A}
		{9F45FBE3-B383-4F83-8D1B-48BDE89D1181} = {E3F5B60D-6196-43D2-8FC3-DDA53B86E4B5}
		{E0C275D6-5251-4AF1-A575-478739DB7077} = {CA7A3CE7-851C-479F-B8C3-B3442426E843}
	EndGlobalSection
	GlobalSection(ExtensibilityGlobals) = postSolution
		SolutionGuid = {D3BD9EB0-3C74-45F7-9BF8-3B9CD505358D}
	EndGlobalSection
EndGlobal
